Microsoft Visual Studio Solution File, Format Version 8.00
Project("{FAE04EC0-301F-11D3-BF4B-00C04F79EFBC}") = "UpdateVersion", "UpdateVersion.csproj", "{C1F02492-3AA6-4A47-89A7-4973005F8110}"
	ProjectSection(ProjectDependencies) = postProject
	EndProjectSection
EndProject
Global
	GlobalSection(SolutionConfiguration) = preSolution
		Debug = Debug
		Release = Release
	EndGlobalSection
	GlobalSection(ProjectConfiguration) = postSolution
		{C1F02492-3AA6-4A47-89A7-4973005F8110}.Debug.ActiveCfg = Debug|.NET
		{C1F02492-3AA6-4A47-89A7-4973005F8110}.Debug.Build.0 = Debug|.NET
		{C1F02492-3AA6-4A47-89A7-4973005F8110}.Release.ActiveCfg = Release|.NET
		{C1F02492-3AA6-4A47-89A7-4973005F8110}.Release.Build.0 = Release|.NET
	EndGlobalSection
	GlobalSection(ExtensibilityGlobals) = postSolution
	EndGlobalSection
	GlobalSection(ExtensibilityAddIns) = postSolution
	EndGlobalSection
EndGlobal
